
Microsoft Visual Studio Solution File, Format Version 12.00
# Visual Studio Version 16
VisualStudioVersion = 16.0.32901.82
MinimumVisualStudioVersion = 10.0.40219.1
Project("{9A19103F-16F7-4668-BE54-9A1E7A4F7556}") = "ManageStudent", "Quanly\ManageStudent.csproj", "{1E4FC6AD-9181-4EA5-A3D7-1A63B48EC61D}"
EndProject
Global
	GlobalSection(SolutionConfigurationPlatforms) = preSolution
		Debug|Any CPU = Debug|Any CPU
		Release|Any CPU = Release|Any CPU
	EndGlobalSection
	GlobalSection(ProjectConfigurationPlatforms) = postSolution
		{1E4FC6AD-9181-4EA5-A3D7-1A63B48EC61D}.Debug|Any CPU.ActiveCfg = Debug|Any CPU
		{1E4FC6AD-9181-4EA5-A3D7-1A63B48EC61D}.Debug|Any CPU.Build.0 = Debug|Any CPU
		{1E4FC6AD-9181-4EA5-A3D7-1A63B48EC61D}.Release|Any CPU.ActiveCfg = Release|Any CPU
		{1E4FC6AD-9181-4EA5-A3D7-1A63B48EC61D}.Release|Any CPU.Build.0 = Release|Any CPU
	EndGlobalSection
	GlobalSection(SolutionProperties) = preSolution
		HideSolutionNode = FALSE
	EndGlobalSection
	GlobalSection(ExtensibilityGlobals) = postSolution
		SolutionGuid = {90413B86-6CB9-4B67-9FAD-898BE5F646D0}
	EndGlobalSection
EndGlobal
